
Microsoft Visual Studio Solution File, Format Version 12.00
# Visual Studio 14
VisualStudioVersion = 14.0.25123.0
MinimumVisualStudioVersion = 10.0.40219.1
Project("{FAE04EC0-301F-11D3-BF4B-00C04F79EFBC}") = "Supermarket.Console", "Supermarket.Console\Supermarket.Console.csproj", "{EC6E5D37-B279-48CE-8F90-30DE52CA57F3}"
EndProject
Project("{FAE04EC0-301F-11D3-BF4B-00C04F79EFBC}") = "Supermarket.BusinessLogic.Implementation", "Supermarket.BusinessLogic\Supermarket.BusinessLogic.Implementation.csproj", "{B74C023A-5066-494B-86B9-5699992064C6}"
EndProject
Project("{FAE04EC0-301F-11D3-BF4B-00C04F79EFBC}") = "Supermarket.Dto.Implementation", "Supermarket.Dto.Implementation\Supermarket.Dto.Implementation.csproj", "{10A93009-3E0C-4EF1-B9FA-048F3C81CD2F}"
EndProject
Project("{FAE04EC0-301F-11D3-BF4B-00C04F79EFBC}") = "Supermarket.Data.Implementation", "Supermarket.Data.Implementation\Supermarket.Data.Implementation.csproj", "{47B047C0-7194-49AD-B3C4-9B14D8CD1547}"
EndProject
Project("{FAE04EC0-301F-11D3-BF4B-00C04F79EFBC}") = "Supermarket.Data.Interface", "Supermarket.Data.Interface\Supermarket.Data.Interface.csproj", "{4101F43A-F64B-4132-9748-4B13D7B0261F}"
EndProject
Project("{FAE04EC0-301F-11D3-BF4B-00C04F79EFBC}") = "Supermarket.Console.Tests", "Supermarket.Console.Tests\Supermarket.Console.Tests.csproj", "{E16C3507-36E0-4CCC-8287-65412F0B3706}"
EndProject
Project("{FAE04EC0-301F-11D3-BF4B-00C04F79EFBC}") = "Supermarket.BusinessLogic.Interface", "Supermarket.BusinessLogic.Interface\Supermarket.BusinessLogic.Interface.csproj", "{40476387-ED5C-421B-9404-FE68ED505C06}"
EndProject
Project("{FAE04EC0-301F-11D3-BF4B-00C04F79EFBC}") = "NUnitTestProject1", "NUnitTestProject1\NUnitTestProject1.csproj", "{067456C0-086C-46A8-B37F-1405717B7BFC}"
EndProject
Project("{FAE04EC0-301F-11D3-BF4B-00C04F79EFBC}") = "Supermarket.Controllers", "Supermarket.Controllers\Supermarket.Controllers.csproj", "{9C984E34-2890-42F8-9D76-584469113505}"
EndProject
Project("{FAE04EC0-301F-11D3-BF4B-00C04F79EFBC}") = "SuperMarket.Controllers.Interface", "SuperMarket.Controllers.Interface\SuperMarket.Controllers.Interface.csproj", "{B57DCCE7-5270-4815-8037-55F10BF34B6F}"
EndProject
Global
	GlobalSection(SolutionConfigurationPlatforms) = preSolution
		Debug|Any CPU = Debug|Any CPU
		Release|Any CPU = Release|Any CPU
	EndGlobalSection
	GlobalSection(ProjectConfigurationPlatforms) = postSolution
		{EC6E5D37-B279-48CE-8F90-30DE52CA57F3}.Debug|Any CPU.ActiveCfg = Debug|Any CPU
		{EC6E5D37-B279-48CE-8F90-30DE52CA57F3}.Debug|Any CPU.Build.0 = Debug|Any CPU
		{EC6E5D37-B279-48CE-8F90-30DE52CA57F3}.Release|Any CPU.ActiveCfg = Debug|Any CPU
		{EC6E5D37-B279-48CE-8F90-30DE52CA57F3}.Release|Any CPU.Build.0 = Debug|Any CPU
		{B74C023A-5066-494B-86B9-5699992064C6}.Debug|Any CPU.ActiveCfg = Debug|Any CPU
		{B74C023A-5066-494B-86B9-5699992064C6}.Debug|Any CPU.Build.0 = Debug|Any CPU
		{B74C023A-5066-494B-86B9-5699992064C6}.Release|Any CPU.ActiveCfg = Release|Any CPU
		{B74C023A-5066-494B-86B9-5699992064C6}.Release|Any CPU.Build.0 = Release|Any CPU
		{10A93009-3E0C-4EF1-B9FA-048F3C81CD2F}.Debug|Any CPU.ActiveCfg = Debug|Any CPU
		{10A93009-3E0C-4EF1-B9FA-048F3C81CD2F}.Debug|Any CPU.Build.0 = Debug|Any CPU
		{10A93009-3E0C-4EF1-B9FA-048F3C81CD2F}.Release|Any CPU.ActiveCfg = Release|Any CPU
		{10A93009-3E0C-4EF1-B9FA-048F3C81CD2F}.Release|Any CPU.Build.0 = Release|Any CPU
		{47B047C0-7194-49AD-B3C4-9B14D8CD1547}.Debug|Any CPU.ActiveCfg = Debug|Any CPU
		{47B047C0-7194-49AD-B3C4-9B14D8CD1547}.Debug|Any CPU.Build.0 = Debug|Any CPU
		{47B047C0-7194-49AD-B3C4-9B14D8CD1547}.Release|Any CPU.ActiveCfg = Debug|Any CPU
		{47B047C0-7194-49AD-B3C4-9B14D8CD1547}.Release|Any CPU.Build.0 = Debug|Any CPU
		{4101F43A-F64B-4132-9748-4B13D7B0261F}.Debug|Any CPU.ActiveCfg = Debug|Any CPU
		{4101F43A-F64B-4132-9748-4B13D7B0261F}.Debug|Any CPU.Build.0 = Debug|Any CPU
		{4101F43A-F64B-4132-9748-4B13D7B0261F}.Release|Any CPU.ActiveCfg = Release|Any CPU
		{4101F43A-F64B-4132-9748-4B13D7B0261F}.Release|Any CPU.Build.0 = Release|Any CPU
		{E16C3507-36E0-4CCC-8287-65412F0B3706}.Debug|Any CPU.ActiveCfg = Debug|Any CPU
		{E16C3507-36E0-4CCC-8287-65412F0B3706}.Debug|Any CPU.Build.0 = Debug|Any CPU
		{E16C3507-36E0-4CCC-8287-65412F0B3706}.Release|Any CPU.ActiveCfg = Release|Any CPU
		{E16C3507-36E0-4CCC-8287-65412F0B3706}.Release|Any CPU.Build.0 = Release|Any CPU
		{40476387-ED5C-421B-9404-FE68ED505C06}.Debug|Any CPU.ActiveCfg = Debug|Any CPU
		{40476387-ED5C-421B-9404-FE68ED505C06}.Debug|Any CPU.Build.0 = Debug|Any CPU
		{40476387-ED5C-421B-9404-FE68ED505C06}.Release|Any CPU.ActiveCfg = Release|Any CPU
		{40476387-ED5C-421B-9404-FE68ED505C06}.Release|Any CPU.Build.0 = Release|Any CPU
		{067456C0-086C-46A8-B37F-1405717B7BFC}.Debug|Any CPU.ActiveCfg = Debug|Any CPU
		{067456C0-086C-46A8-B37F-1405717B7BFC}.Debug|Any CPU.Build.0 = Debug|Any CPU
		{067456C0-086C-46A8-B37F-1405717B7BFC}.Release|Any CPU.ActiveCfg = Release|Any CPU
		{067456C0-086C-46A8-B37F-1405717B7BFC}.Release|Any CPU.Build.0 = Release|Any CPU
		{9C984E34-2890-42F8-9D76-584469113505}.Debug|Any CPU.ActiveCfg = Debug|Any CPU
		{9C984E34-2890-42F8-9D76-584469113505}.Debug|Any CPU.Build.0 = Debug|Any CPU
		{9C984E34-2890-42F8-9D76-584469113505}.Release|Any CPU.ActiveCfg = Release|Any CPU
		{9C984E34-2890-42F8-9D76-584469113505}.Release|Any CPU.Build.0 = Release|Any CPU
		{B57DCCE7-5270-4815-8037-55F10BF34B6F}.Debug|Any CPU.ActiveCfg = Debug|Any CPU
		{B57DCCE7-5270-4815-8037-55F10BF34B6F}.Debug|Any CPU.Build.0 = Debug|Any CPU
		{B57DCCE7-5270-4815-8037-55F10BF34B6F}.Release|Any CPU.ActiveCfg = Release|Any CPU
		{B57DCCE7-5270-4815-8037-55F10BF34B6F}.Release|Any CPU.Build.0 = Release|Any CPU
	EndGlobalSection
	GlobalSection(SolutionProperties) = preSolution
		HideSolutionNode = FALSE
	EndGlobalSection
EndGlobal
